
Microsoft Visual Studio Solution File, Format Version 12.00
# Visual Studio Version 17
VisualStudioVersion = 17.9.34607.119
MinimumVisualStudioVersion = 10.0.40219.1
Project("{FAE04EC0-301F-11D3-BF4B-00C04F79EFBC}") = "Application", "Application\Application.csproj", "{6A7895D7-1B70-4173-8534-515FECF550FA}"
EndProject
Project("{FAE04EC0-301F-11D3-BF4B-00C04F79EFBC}") = "Domain", "Domain\Domain.csproj", "{424550B0-4FE9-4C81-852E-A8E8E49D28EC}"
EndProject
Project("{FAE04EC0-301F-11D3-BF4B-00C04F79EFBC}") = "Infrastructure", "Infrastructure\Infrastructure.csproj", "{65B271F9-6DF2-4C85-BCF5-18522A31A7B3}"
EndProject
Project("{FAE04EC0-301F-11D3-BF4B-00C04F79EFBC}") = "Web", "Web\Web.csproj", "{26BEAE21-AFEC-407A-AC35-715557D59795}"
EndProject
Global
	GlobalSection(SolutionConfigurationPlatforms) = preSolution
		Debug|Any CPU = Debug|Any CPU
		Release|Any CPU = Release|Any CPU
	EndGlobalSection
	GlobalSection(ProjectConfigurationPlatforms) = postSolution
		{6A7895D7-1B70-4173-8534-515FECF550FA}.Debug|Any CPU.ActiveCfg = Debug|Any CPU
		{6A7895D7-1B70-4173-8534-515FECF550FA}.Debug|Any CPU.Build.0 = Debug|Any CPU
		{6A7895D7-1B70-4173-8534-515FECF550FA}.Release|Any CPU.ActiveCfg = Release|Any CPU
		{6A7895D7-1B70-4173-8534-515FECF550FA}.Release|Any CPU.Build.0 = Release|Any CPU
		{424550B0-4FE9-4C81-852E-A8E8E49D28EC}.Debug|Any CPU.ActiveCfg = Debug|Any CPU
		{424550B0-4FE9-4C81-852E-A8E8E49D28EC}.Debug|Any CPU.Build.0 = Debug|Any CPU
		{424550B0-4FE9-4C81-852E-A8E8E49D28EC}.Release|Any CPU.ActiveCfg = Release|Any CPU
		{424550B0-4FE9-4C81-852E-A8E8E49D28EC}.Release|Any CPU.Build.0 = Release|Any CPU
		{65B271F9-6DF2-4C85-BCF5-18522A31A7B3}.Debug|Any CPU.ActiveCfg = Debug|Any CPU
		{65B271F9-6DF2-4C85-BCF5-18522A31A7B3}.Debug|Any CPU.Build.0 = Debug|Any CPU
		{65B271F9-6DF2-4C85-BCF5-18522A31A7B3}.Release|Any CPU.ActiveCfg = Release|Any CPU
		{65B271F9-6DF2-4C85-BCF5-18522A31A7B3}.Release|Any CPU.Build.0 = Release|Any CPU
		{26BEAE21-AFEC-407A-AC35-715557D59795}.Debug|Any CPU.ActiveCfg = Debug|Any CPU
		{26BEAE21-AFEC-407A-AC35-715557D59795}.Debug|Any CPU.Build.0 = Debug|Any CPU
		{26BEAE21-AFEC-407A-AC35-715557D59795}.Release|Any CPU.ActiveCfg = Release|Any CPU
		{26BEAE21-AFEC-407A-AC35-715557D59795}.Release|Any CPU.Build.0 = Release|Any CPU
	EndGlobalSection
	GlobalSection(SolutionProperties) = preSolution
		HideSolutionNode = FALSE
	EndGlobalSection
	GlobalSection(ExtensibilityGlobals) = postSolution
		SolutionGuid = {A58CE0FC-16B6-4446-8A1A-419C867FA9D6}
	EndGlobalSection
EndGlobal
